PODS:
  - AFNetworking (3.2.1):
    - AFNetworking/NSURLSession (= 3.2.1)
    - AFNetworking/Reachability (= 3.2.1)
    - AFNetworking/Security (= 3.2.1)
    - AFNetworking/Serialization (= 3.2.1)
    - AFNetworking/UIKit (= 3.2.1)
  - AFNetworking/NSURLSession (3.2.1):
    - AFNetworking/Reachability
    - AFNetworking/Security
    - AFNetworking/Serialization
  - AFNetworking/Reachability (3.2.1)
  - AFNetworking/Security (3.2.1)
  - AFNetworking/Serialization (3.2.1)
  - AFNetworking/UIKit (3.2.1):
    - AFNetworking/NSURLSession
  - LCNetwork (1.5.0):
    - AFNetworking
  - Masonry (1.1.0)

DEPENDENCIES:
  - LCNetwork
  - Masonry

SPEC REPOS:
  trunk:
    - AFNetworking
    - LCNetwork
    - Masonry

SPEC CHECKSUMS:
  AFNetworking: b6f891fdfaed196b46c7a83cf209e09697b94057
  LCNetwork: 746a151ffc946ed75aac0029019fab6516cc228e
  Masonry: 678fab65091a9290e40e2832a55e7ab731aad201

PODFILE CHECKSUM: cfe19828bbc4071bf5c98550857c2e6dbd70c4bb

COCOAPODS: 1.8.4
