// !$*UTF8*$!
{
	archiveVersion = 1;
	classes = {
	};
	objectVersion = 51;
	objects = {

/* Begin PBXBuildFile section */
		3317AC02250B15B30011A2BE /* AppDelegate.m in Sources */ = {isa = PBXBuildFile; fileRef = 3317AC01250B15B30011A2BE /* AppDelegate.m */; };
		3317AC05250B15B30011A2BE /* SceneDelegate.m in Sources */ = {isa = PBXBuildFile; fileRef = 3317AC04250B15B30011A2BE /* SceneDelegate.m */; };
		3317AC08250B15B30011A2BE /* ViewController.m in Sources */ = {isa = PBXBuildFile; fileRef = 3317AC07250B15B30011A2BE /* ViewController.m */; };
		3317AC0B250B15B30011A2BE /* Main.storyboard in Resources */ = {isa = PBXBuildFile; fileRef = 3317AC09250B15B30011A2BE /* Main.storyboard */; };
		3317AC0E250B15B30011A2BE /* Speedy.xcdatamodeld in Sources */ = {isa = PBXBuildFile; fileRef = 3317AC0C250B15B30011A2BE /* Speedy.xcdatamodeld */; };
		3317AC10250B15B40011A2BE /* Assets.xcassets in Resources */ = {isa = PBXBuildFile; fileRef = 3317AC0F250B15B40011A2BE /* Assets.xcassets */; };
		3317AC13250B15B40011A2BE /* LaunchScreen.storyboard in Resources */ = {isa = PBXBuildFile; fileRef = 3317AC11250B15B40011A2BE /* LaunchScreen.storyboard */; };
		3317AC16250B15B40011A2BE /* main.m in Sources */ = {isa = PBXBuildFile; fileRef = 3317AC15250B15B40011A2BE /* main.m */; };
		3317AC20250B15B40011A2BE /* SpeedyTests.m in Sources */ = {isa = PBXBuildFile; fileRef = 3317AC1F250B15B40011A2BE /* SpeedyTests.m */; };
		3317AC2B250B15B40011A2BE /* SpeedyUITests.m in Sources */ = {isa = PBXBuildFile; fileRef = 3317AC2A250B15B40011A2BE /* SpeedyUITests.m */; };
		3317AC45250B6BDB0011A2BE /* HairlineConstraint.swift in Sources */ = {isa = PBXBuildFile; fileRef = 3317AC44250B6BDB0011A2BE /* HairlineConstraint.swift */; };
		3317AC47250B6C1B0011A2BE /* DiagonalLine.swift in Sources */ = {isa = PBXBuildFile; fileRef = 3317AC46250B6C1B0011A2BE /* DiagonalLine.swift */; };
		3317AC49250B6C280011A2BE /* Triangle.swift in Sources */ = {isa = PBXBuildFile; fileRef = 3317AC48250B6C280011A2BE /* Triangle.swift */; };
		3317AC4C250B6C9C0011A2BE /* NestedScrollView.m in Sources */ = {isa = PBXBuildFile; fileRef = 3317AC4A250B6C9C0011A2BE /* NestedScrollView.m */; };
		3317AC4F250B6CB00011A2BE /* CustomTitleView.m in Sources */ = {isa = PBXBuildFile; fileRef = 3317AC4D250B6CB00011A2BE /* CustomTitleView.m */; };
		3317AC53250B6D0F0011A2BE /* LocationService.m in Sources */ = {isa = PBXBuildFile; fileRef = 3317AC51250B6D0F0011A2BE /* LocationService.m */; };
		3317AC56250B6DC10011A2BE /* LCCollectionView.m in Sources */ = {isa = PBXBuildFile; fileRef = 3317AC55250B6DC10011A2BE /* LCCollectionView.m */; };
		3317AC59250B6E700011A2BE /* LCTableView.m in Sources */ = {isa = PBXBuildFile; fileRef = 3317AC57250B6E700011A2BE /* LCTableView.m */; };
		3317AC5C250B6F070011A2BE /* LCMultiTabViewController.m in Sources */ = {isa = PBXBuildFile; fileRef = 3317AC5B250B6F070011A2BE /* LCMultiTabViewController.m */; };
		EFE60ABC2D86DF78117135EF /* Pods_Speedy.framework in Frameworks */ = {isa = PBXBuildFile; fileRef = 7A57C670BF2A0733AC67FAB9 /* Pods_Speedy.framework */; };
/* End PBXBuildFile section */

/* Begin PBXContainerItemProxy section */
		3317AC1C250B15B40011A2BE /* PBXContainerItemProxy */ = {
			isa = PBXContainerItemProxy;
			containerPortal = 3317ABF5250B15B30011A2BE /* Project object */;
			proxyType = 1;
			remoteGlobalIDString = 3317ABFC250B15B30011A2BE;
			remoteInfo = Speedy;
		};
		3317AC27250B15B40011A2BE /* PBXContainerItemProxy */ = {
			isa = PBXContainerItemProxy;
			containerPortal = 3317ABF5250B15B30011A2BE /* Project object */;
			proxyType = 1;
			remoteGlobalIDString = 3317ABFC250B15B30011A2BE;
			remoteInfo = Speedy;
		};
/* End PBXContainerItemProxy section */

/* Begin PBXFileReference section */
		3317ABFD250B15B30011A2BE /* Speedy.app */ = {isa = PBXFileReference; explicitFileType = wrapper.application; includeInIndex = 0; path = Speedy.app; sourceTree = BUILT_PRODUCTS_DIR; };
		3317AC00250B15B30011A2BE /* AppDelegate.h */ = {isa = PBXFileReference; lastKnownFileType = sourcecode.c.h; path = AppDelegate.h; sourceTree = "<group>"; };
		3317AC01250B15B30011A2BE /* AppDelegate.m */ = {isa = PBXFileReference; lastKnownFileType = sourcecode.c.objc; path = AppDelegate.m; sourceTree = "<group>"; };
		3317AC03250B15B30011A2BE /* SceneDelegate.h */ = {isa = PBXFileReference; lastKnownFileType = sourcecode.c.h; path = SceneDelegate.h; sourceTree = "<group>"; };
		3317AC04250B15B30011A2BE /* SceneDelegate.m */ = {isa = PBXFileReference; lastKnownFileType = sourcecode.c.objc; path = SceneDelegate.m; sourceTree = "<group>"; };
		3317AC06250B15B30011A2BE /* ViewController.h */ = {isa = PBXFileReference; lastKnownFileType = sourcecode.c.h; path = ViewController.h; sourceTree = "<group>"; };
		3317AC07250B15B30011A2BE /* ViewController.m */ = {isa = PBXFileReference; lastKnownFileType = sourcecode.c.objc; path = ViewController.m; sourceTree = "<group>"; };
		3317AC0A250B15B30011A2BE /* Base */ = {isa = PBXFileReference; lastKnownFileType = file.storyboard; name = Base; path = Base.lproj/Main.storyboard; sourceTree = "<group>"; };
		3317AC0D250B15B30011A2BE /* Speedy.xcdatamodel */ = {isa = PBXFileReference; lastKnownFileType = wrapper.xcdatamodel; path = Speedy.xcdatamodel; sourceTree = "<group>"; };
		3317AC0F250B15B40011A2BE /* Assets.xcassets */ = {isa = PBXFileReference; lastKnownFileType = folder.assetcatalog; path = Assets.xcassets; sourceTree = "<group>"; };
		3317AC12250B15B40011A2BE /* Base */ = {isa = PBXFileReference; lastKnownFileType = file.storyboard; name = Base; path = Base.lproj/LaunchScreen.storyboard; sourceTree = "<group>"; };
		3317AC14250B15B40011A2BE /* Info.plist */ = {isa = PBXFileReference; lastKnownFileType = text.plist.xml; path = Info.plist; sourceTree = "<group>"; };
		3317AC15250B15B40011A2BE /* main.m */ = {isa = PBXFileReference; lastKnownFileType = sourcecode.c.objc; path = main.m; sourceTree = "<group>"; };
		3317AC1B250B15B40011A2BE /* SpeedyTests.xctest */ = {isa = PBXFileReference; explicitFileType = wrapper.cfbundle; includeInIndex = 0; path = SpeedyTests.xctest; sourceTree = BUILT_PRODUCTS_DIR; };
		3317AC1F250B15B40011A2BE /* SpeedyTests.m */ = {isa = PBXFileReference; lastKnownFileType = sourcecode.c.objc; path = SpeedyTests.m; sourceTree = "<group>"; };
		3317AC21250B15B40011A2BE /* Info.plist */ = {isa = PBXFileReference; lastKnownFileType = text.plist.xml; path = Info.plist; sourceTree = "<group>"; };
		3317AC26250B15B40011A2BE /* SpeedyUITests.xctest */ = {isa = PBXFileReference; explicitFileType = wrapper.cfbundle; includeInIndex = 0; path = SpeedyUITests.xctest; sourceTree = BUILT_PRODUCTS_DIR; };
		3317AC2A250B15B40011A2BE /* SpeedyUITests.m */ = {isa = PBXFileReference; lastKnownFileType = sourcecode.c.objc; path = SpeedyUITests.m; sourceTree = "<group>"; };
		3317AC2C250B15B40011A2BE /* Info.plist */ = {isa = PBXFileReference; lastKnownFileType = text.plist.xml; path = Info.plist; sourceTree = "<group>"; };
		3317AC3B250B54400011A2BE /* Speedy-Bridging-Header.h */ = {isa = PBXFileReference; lastKnownFileType = sourcecode.c.h; path = "Speedy-Bridging-Header.h"; sourceTree = "<group>"; };
		3317AC44250B6BDB0011A2BE /* HairlineConstraint.swift */ = {isa = PBXFileReference; fileEncoding = 4; lastKnownFileType = sourcecode.swift; path = HairlineConstraint.swift; sourceTree = "<group>"; };
		3317AC46250B6C1B0011A2BE /* DiagonalLine.swift */ = {isa = PBXFileReference; fileEncoding = 4; lastKnownFileType = sourcecode.swift; path = DiagonalLine.swift; sourceTree = "<group>"; };
		3317AC48250B6C280011A2BE /* Triangle.swift */ = {isa = PBXFileReference; fileEncoding = 4; lastKnownFileType = sourcecode.swift; path = Triangle.swift; sourceTree = "<group>"; };
		3317AC4A250B6C9C0011A2BE /* NestedScrollView.m */ = {isa = PBXFileReference; fileEncoding = 4; lastKnownFileType = sourcecode.c.objc; path = NestedScrollView.m; sourceTree = "<group>"; };
		3317AC4B250B6C9C0011A2BE /* NestedScrollView.h */ = {isa = PBXFileReference; fileEncoding = 4; lastKnownFileType = sourcecode.c.h; path = NestedScrollView.h; sourceTree = "<group>"; };
		3317AC4D250B6CB00011A2BE /* CustomTitleView.m */ = {isa = PBXFileReference; fileEncoding = 4; lastKnownFileType = sourcecode.c.objc; path = CustomTitleView.m; sourceTree = "<group>"; };
		3317AC4E250B6CB00011A2BE /* CustomTitleView.h */ = {isa = PBXFileReference; fileEncoding = 4; lastKnownFileType = sourcecode.c.h; path = CustomTitleView.h; sourceTree = "<group>"; };
		3317AC51250B6D0F0011A2BE /* LocationService.m */ = {isa = PBXFileReference; fileEncoding = 4; lastKnownFileType = sourcecode.c.objc; path = LocationService.m; sourceTree = "<group>"; };
		3317AC52250B6D0F0011A2BE /* LocationService.h */ = {isa = PBXFileReference; fileEncoding = 4; lastKnownFileType = sourcecode.c.h; path = LocationService.h; sourceTree = "<group>"; };
		3317AC54250B6DC10011A2BE /* LCCollectionView.h */ = {isa = PBXFileReference; fileEncoding = 4; lastKnownFileType = sourcecode.c.h; path = LCCollectionView.h; sourceTree = "<group>"; };
		3317AC55250B6DC10011A2BE /* LCCollectionView.m */ = {isa = PBXFileReference; fileEncoding = 4; lastKnownFileType = sourcecode.c.objc; path = LCCollectionView.m; sourceTree = "<group>"; };
		3317AC57250B6E700011A2BE /* LCTableView.m */ = {isa = PBXFileReference; fileEncoding = 4; lastKnownFileType = sourcecode.c.objc; path = LCTableView.m; sourceTree = "<group>"; };
		3317AC58250B6E700011A2BE /* LCTableView.h */ = {isa = PBXFileReference; fileEncoding = 4; lastKnownFileType = sourcecode.c.h; path = LCTableView.h; sourceTree = "<group>"; };
		3317AC5A250B6F070011A2BE /* LCMultiTabViewController.h */ = {isa = PBXFileReference; fileEncoding = 4; lastKnownFileType = sourcecode.c.h; path = LCMultiTabViewController.h; sourceTree = "<group>"; };
		3317AC5B250B6F070011A2BE /* LCMultiTabViewController.m */ = {isa = PBXFileReference; fileEncoding = 4; lastKnownFileType = sourcecode.c.objc; path = LCMultiTabViewController.m; sourceTree = "<group>"; };
		4B2A1A870FDE80808CF1BA2E /* Pods-Speedy.debug.xcconfig */ = {isa = PBXFileReference; includeInIndex = 1; lastKnownFileType = text.xcconfig; name = "Pods-Speedy.debug.xcconfig"; path = "Target Support Files/Pods-Speedy/Pods-Speedy.debug.xcconfig"; sourceTree = "<group>"; };
		7A57C670BF2A0733AC67FAB9 /* Pods_Speedy.framework */ = {isa = PBXFileReference; explicitFileType = wrapper.framework; includeInIndex = 0; path = Pods_Speedy.framework; sourceTree = BUILT_PRODUCTS_DIR; };
		BBC3D6075568AB77430ABC5E /* Pods-Speedy.release.xcconfig */ = {isa = PBXFileReference; includeInIndex = 1; lastKnownFileType = text.xcconfig; name = "Pods-Speedy.release.xcconfig"; path = "Target Support Files/Pods-Speedy/Pods-Speedy.release.xcconfig"; sourceTree = "<group>"; };
/* End PBXFileReference section */

/* Begin PBXFrameworksBuildPhase section */
		3317ABFA250B15B30011A2BE /* Frameworks */ = {
			isa = PBXFrameworksBuildPhase;
			buildActionMask = 2147483647;
			files = (
				EFE60ABC2D86DF78117135EF /* Pods_Speedy.framework in Frameworks */,
			);
			runOnlyForDeploymentPostprocessing = 0;
		};
		3317AC18250B15B40011A2BE /* Frameworks */ = {
			isa = PBXFrameworksBuildPhase;
			buildActionMask = 2147483647;
			files = (
			);
			runOnlyForDeploymentPostprocessing = 0;
		};
		3317AC23250B15B40011A2BE /* Frameworks */ = {
			isa = PBXFrameworksBuildPhase;
			buildActionMask = 2147483647;
			files = (
			);
			runOnlyForDeploymentPostprocessing = 0;
		};
/* End PBXFrameworksBuildPhase section */

/* Begin PBXGroup section */
		3317ABF4250B15B30011A2BE = {
			isa = PBXGroup;
			children = (
				3317ABFF250B15B30011A2BE /* Speedy */,
				3317AC1E250B15B40011A2BE /* SpeedyTests */,
				3317AC29250B15B40011A2BE /* SpeedyUITests */,
				3317ABFE250B15B30011A2BE /* Products */,
				DF1ECFFA6CAB7B906E5B2461 /* Pods */,
				8B5536FEAC895875E6BE3DBC /* Frameworks */,
			);
			sourceTree = "<group>";
		};
		3317ABFE250B15B30011A2BE /* Products */ = {
			isa = PBXGroup;
			children = (
				3317ABFD250B15B30011A2BE /* Speedy.app */,
				3317AC1B250B15B40011A2BE /* SpeedyTests.xctest */,
				3317AC26250B15B40011A2BE /* SpeedyUITests.xctest */,
			);
			name = Products;
			sourceTree = "<group>";
		};
		3317ABFF250B15B30011A2BE /* Speedy */ = {
			isa = PBXGroup;
			children = (
				3317AC41250B6AC00011A2BE /* Categories */,
				3317AC3F250B6A930011A2BE /* Common */,
				3317AC3E250B6A810011A2BE /* Custom */,
				3317AC50250B6CDE0011A2BE /* Services */,
				3317AC42250B6AEF0011A2BE /* ThirdParty */,
				3317AC40250B6AA60011A2BE /* Utils */,
				3317AC43250B6B020011A2BE /* UI */,
				3317AC00250B15B30011A2BE /* AppDelegate.h */,
				3317AC01250B15B30011A2BE /* AppDelegate.m */,
				3317AC03250B15B30011A2BE /* SceneDelegate.h */,
				3317AC04250B15B30011A2BE /* SceneDelegate.m */,
				3317AC06250B15B30011A2BE /* ViewController.h */,
				3317AC07250B15B30011A2BE /* ViewController.m */,
				3317AC09250B15B30011A2BE /* Main.storyboard */,
				3317AC0F250B15B40011A2BE /* Assets.xcassets */,
				3317AC11250B15B40011A2BE /* LaunchScreen.storyboard */,
				3317AC14250B15B40011A2BE /* Info.plist */,
				3317AC15250B15B40011A2BE /* main.m */,
				3317AC0C250B15B30011A2BE /* Speedy.xcdatamodeld */,
				3317AC3B250B54400011A2BE /* Speedy-Bridging-Header.h */,
			);
			path = Speedy;
			sourceTree = "<group>";
		};
		3317AC1E250B15B40011A2BE /* SpeedyTests */ = {
			isa = PBXGroup;
			children = (
				3317AC1F250B15B40011A2BE /* SpeedyTests.m */,
				3317AC21250B15B40011A2BE /* Info.plist */,
			);
			path = SpeedyTests;
			sourceTree = "<group>";
		};
		3317AC29250B15B40011A2BE /* SpeedyUITests */ = {
			isa = PBXGroup;
			children = (
				3317AC2A250B15B40011A2BE /* SpeedyUITests.m */,
				3317AC2C250B15B40011A2BE /* Info.plist */,
			);
			path = SpeedyUITests;
			sourceTree = "<group>";
		};
		3317AC3E250B6A810011A2BE /* Custom */ = {
			isa = PBXGroup;
			children = (
				3317AC4B250B6C9C0011A2BE /* NestedScrollView.h */,
				3317AC4A250B6C9C0011A2BE /* NestedScrollView.m */,
				3317AC4E250B6CB00011A2BE /* CustomTitleView.h */,
				3317AC4D250B6CB00011A2BE /* CustomTitleView.m */,
				3317AC54250B6DC10011A2BE /* LCCollectionView.h */,
				3317AC55250B6DC10011A2BE /* LCCollectionView.m */,
				3317AC58250B6E700011A2BE /* LCTableView.h */,
				3317AC57250B6E700011A2BE /* LCTableView.m */,
				3317AC5A250B6F070011A2BE /* LCMultiTabViewController.h */,
				3317AC5B250B6F070011A2BE /* LCMultiTabViewController.m */,
			);
			path = Custom;
			sourceTree = "<group>";
		};
		3317AC3F250B6A930011A2BE /* Common */ = {
			isa = PBXGroup;
			children = (
				3317AC44250B6BDB0011A2BE /* HairlineConstraint.swift */,
				3317AC46250B6C1B0011A2BE /* DiagonalLine.swift */,
				3317AC48250B6C280011A2BE /* Triangle.swift */,
			);
			path = Common;
			sourceTree = "<group>";
		};
		3317AC40250B6AA60011A2BE /* Utils */ = {
			isa = PBXGroup;
			children = (
			);
			path = Utils;
			sourceTree = "<group>";
		};
		3317AC41250B6AC00011A2BE /* Categories */ = {
			isa = PBXGroup;
			children = (
			);
			path = Categories;
			sourceTree = "<group>";
		};
		3317AC42250B6AEF0011A2BE /* ThirdParty */ = {
			isa = PBXGroup;
			children = (
			);
			path = ThirdParty;
			sourceTree = "<group>";
		};
		3317AC43250B6B020011A2BE /* UI */ = {
			isa = PBXGroup;
			children = (
			);
			path = UI;
			sourceTree = "<group>";
		};
		3317AC50250B6CDE0011A2BE /* Services */ = {
			isa = PBXGroup;
			children = (
				3317AC52250B6D0F0011A2BE /* LocationService.h */,
				3317AC51250B6D0F0011A2BE /* LocationService.m */,
			);
			path = Services;
			sourceTree = "<group>";
		};
		8B5536FEAC895875E6BE3DBC /* Frameworks */ = {
			isa = PBXGroup;
			children = (
				7A57C670BF2A0733AC67FAB9 /* Pods_Speedy.framework */,
			);
			name = Frameworks;
			sourceTree = "<group>";
		};
		DF1ECFFA6CAB7B906E5B2461 /* Pods */ = {
			isa = PBXGroup;
			children = (
				4B2A1A870FDE80808CF1BA2E /* Pods-Speedy.debug.xcconfig */,
				BBC3D6075568AB77430ABC5E /* Pods-Speedy.release.xcconfig */,
			);
			path = Pods;
			sourceTree = "<group>";
		};
/* End PBXGroup section */

/* Begin PBXNativeTarget section */
		3317ABFC250B15B30011A2BE /* Speedy */ = {
			isa = PBXNativeTarget;
			buildConfigurationList = 3317AC2F250B15B40011A2BE /* Build configuration list for PBXNativeTarget "Speedy" */;
			buildPhases = (
				D2CA847DDB1F3DBF2D6E56C6 /* [CP] Check Pods Manifest.lock */,
				3317ABF9250B15B30011A2BE /* Sources */,
				3317ABFA250B15B30011A2BE /* Frameworks */,
				3317ABFB250B15B30011A2BE /* Resources */,
				EE2F66B7F256F83DC2CC88D0 /* [CP] Embed Pods Frameworks */,
			);
			buildRules = (
			);
			dependencies = (
			);
			name = Speedy;
			productName = Speedy;
			productReference = 3317ABFD250B15B30011A2BE /* Speedy.app */;
			productType = "com.apple.product-type.application";
		};
		3317AC1A250B15B40011A2BE /* SpeedyTests */ = {
			isa = PBXNativeTarget;
			buildConfigurationList = 3317AC32250B15B40011A2BE /* Build configuration list for PBXNativeTarget "SpeedyTests" */;
			buildPhases = (
				3317AC17250B15B40011A2BE /* Sources */,
				3317AC18250B15B40011A2BE /* Frameworks */,
				3317AC19250B15B40011A2BE /* Resources */,
			);
			buildRules = (
			);
			dependencies = (
				3317AC1D250B15B40011A2BE /* PBXTargetDependency */,
			);
			name = SpeedyTests;
			productName = SpeedyTests;
			productReference = 3317AC1B250B15B40011A2BE /* SpeedyTests.xctest */;
			productType = "com.apple.product-type.bundle.unit-test";
		};
		3317AC25250B15B40011A2BE /* SpeedyUITests */ = {
			isa = PBXNativeTarget;
			buildConfigurationList = 3317AC35250B15B40011A2BE /* Build configuration list for PBXNativeTarget "SpeedyUITests" */;
			buildPhases = (
				3317AC22250B15B40011A2BE /* Sources */,
				3317AC23250B15B40011A2BE /* Frameworks */,
				3317AC24250B15B40011A2BE /* Resources */,
			);
			buildRules = (
			);
			dependencies = (
				3317AC28250B15B40011A2BE /* PBXTargetDependency */,
			);
			name = SpeedyUITests;
			productName = SpeedyUITests;
			productReference = 3317AC26250B15B40011A2BE /* SpeedyUITests.xctest */;
			productType = "com.apple.product-type.bundle.ui-testing";
		};
/* End PBXNativeTarget section */

/* Begin PBXProject section */
		3317ABF5250B15B30011A2BE /* Project object */ = {
			isa = PBXProject;
			attributes = {
				LastUpgradeCheck = 1160;
				ORGANIZATIONNAME = "Baocheng Liu";
				TargetAttributes = {
					3317ABFC250B15B30011A2BE = {
						CreatedOnToolsVersion = 11.6;
						LastSwiftMigration = 1160;
					};
					3317AC1A250B15B40011A2BE = {
						CreatedOnToolsVersion = 11.6;
						TestTargetID = 3317ABFC250B15B30011A2BE;
					};
					3317AC25250B15B40011A2BE = {
						CreatedOnToolsVersion = 11.6;
						TestTargetID = 3317ABFC250B15B30011A2BE;
					};
				};
			};
			buildConfigurationList = 3317ABF8250B15B30011A2BE /* Build configuration list for PBXProject "Speedy" */;
			compatibilityVersion = "Xcode 9.3";
			developmentRegion = en;
			hasScannedForEncodings = 0;
			knownRegions = (
				en,
				Base,
			);
			mainGroup = 3317ABF4250B15B30011A2BE;
			productRefGroup = 3317ABFE250B15B30011A2BE /* Products */;
			projectDirPath = "";
			projectRoot = "";
			targets = (
				3317ABFC250B15B30011A2BE /* Speedy */,
				3317AC1A250B15B40011A2BE /* SpeedyTests */,
				3317AC25250B15B40011A2BE /* SpeedyUITests */,
			);
		};
/* End PBXProject section */

/* Begin PBXResourcesBuildPhase section */
		3317ABFB250B15B30011A2BE /* Resources */ = {
			isa = PBXResourcesBuildPhase;
			buildActionMask = 2147483647;
			files = (
				3317AC13250B15B40011A2BE /* LaunchScreen.storyboard in Resources */,
				3317AC10250B15B40011A2BE /* Assets.xcassets in Resources */,
				3317AC0B250B15B30011A2BE /* Main.storyboard in Resources */,
			);
			runOnlyForDeploymentPostprocessing = 0;
		};
		3317AC19250B15B40011A2BE /* Resources */ = {
			isa = PBXResourcesBuildPhase;
			buildActionMask = 2147483647;
			files = (
			);
			runOnlyForDeploymentPostprocessing = 0;
		};
		3317AC24250B15B40011A2BE /* Resources */ = {
			isa = PBXResourcesBuildPhase;
			buildActionMask = 2147483647;
			files = (
			);
			runOnlyForDeploymentPostprocessing = 0;
		};
/* End PBXResourcesBuildPhase section */

/* Begin PBXShellScriptBuildPhase section */
		D2CA847DDB1F3DBF2D6E56C6 /* [CP] Check Pods Manifest.lock */ = {
			isa = PBXShellScriptBuildPhase;
			buildActionMask = 2147483647;
			files = (
			);
			inputFileListPaths = (
			);
			inputPaths = (
				"${PODS_PODFILE_DIR_PATH}/Podfile.lock",
				"${PODS_ROOT}/Manifest.lock",
			);
			name = "[CP] Check Pods Manifest.lock";
			outputFileListPaths = (
			);
			outputPaths = (
				"$(DERIVED_FILE_DIR)/Pods-Speedy-checkManifestLockResult.txt",
			);
			runOnlyForDeploymentPostprocessing = 0;
			shellPath = /bin/sh;
			shellScript = "diff \"${PODS_PODFILE_DIR_PATH}/Podfile.lock\" \"${PODS_ROOT}/Manifest.lock\" > /dev/null\nif [ $? != 0 ] ; then\n    # print error to STDERR\n    echo \"error: The sandbox is not in sync with the Podfile.lock. Run 'pod install' or update your CocoaPods installation.\" >&2\n    exit 1\nfi\n# This output is used by Xcode 'outputs' to avoid re-running this script phase.\necho \"SUCCESS\" > \"${SCRIPT_OUTPUT_FILE_0}\"\n";
			showEnvVarsInLog = 0;
		};
		EE2F66B7F256F83DC2CC88D0 /* [CP] Embed Pods Frameworks */ = {
			isa = PBXShellScriptBuildPhase;
			buildActionMask = 2147483647;
			files = (
			);
			inputFileListPaths = (
				"${PODS_ROOT}/Target Support Files/Pods-Speedy/Pods-Speedy-frameworks-${CONFIGURATION}-input-files.xcfilelist",
			);
			name = "[CP] Embed Pods Frameworks";
			outputFileListPaths = (
				"${PODS_ROOT}/Target Support Files/Pods-Speedy/Pods-Speedy-frameworks-${CONFIGURATION}-output-files.xcfilelist",
			);
			runOnlyForDeploymentPostprocessing = 0;
			shellPath = /bin/sh;
			shellScript = "\"${PODS_ROOT}/Target Support Files/Pods-Speedy/Pods-Speedy-frameworks.sh\"\n";
			showEnvVarsInLog = 0;
		};
/* End PBXShellScriptBuildPhase section */

/* Begin PBXSourcesBuildPhase section */
		3317ABF9250B15B30011A2BE /* Sources */ = {
			isa = PBXSourcesBuildPhase;
			buildActionMask = 2147483647;
			files = (
				3317AC53250B6D0F0011A2BE /* LocationService.m in Sources */,
				3317AC4F250B6CB00011A2BE /* CustomTitleView.m in Sources */,
				3317AC5C250B6F070011A2BE /* LCMultiTabViewController.m in Sources */,
				3317AC16250B15B40011A2BE /* main.m in Sources */,
				3317AC08250B15B30011A2BE /* ViewController.m in Sources */,
				3317AC0E250B15B30011A2BE /* Speedy.xcdatamodeld in Sources */,
				3317AC02250B15B30011A2BE /* AppDelegate.m in Sources */,
				3317AC45250B6BDB0011A2BE /* HairlineConstraint.swift in Sources */,
				3317AC56250B6DC10011A2BE /* LCCollectionView.m in Sources */,
				3317AC4C250B6C9C0011A2BE /* NestedScrollView.m in Sources */,
				3317AC47250B6C1B0011A2BE /* DiagonalLine.swift in Sources */,
				3317AC59250B6E700011A2BE /* LCTableView.m in Sources */,
				3317AC05250B15B30011A2BE /* SceneDelegate.m in Sources */,
				3317AC49250B6C280011A2BE /* Triangle.swift in Sources */,
			);
			runOnlyForDeploymentPostprocessing = 0;
		};
		3317AC17250B15B40011A2BE /* Sources */ = {
			isa = PBXSourcesBuildPhase;
			buildActionMask = 2147483647;
			files = (
				3317AC20250B15B40011A2BE /* SpeedyTests.m in Sources */,
			);
			runOnlyForDeploymentPostprocessing = 0;
		};
		3317AC22250B15B40011A2BE /* Sources */ = {
			isa = PBXSourcesBuildPhase;
			buildActionMask = 2147483647;
			files = (
				3317AC2B250B15B40011A2BE /* SpeedyUITests.m in Sources */,
			);
			runOnlyForDeploymentPostprocessing = 0;
		};
/* End PBXSourcesBuildPhase section */

/* Begin PBXTargetDependency section */
		3317AC1D250B15B40011A2BE /* PBXTargetDependency */ = {
			isa = PBXTargetDependency;
			target = 3317ABFC250B15B30011A2BE /* Speedy */;
			targetProxy = 3317AC1C250B15B40011A2BE /* PBXContainerItemProxy */;
		};
		3317AC28250B15B40011A2BE /* PBXTargetDependency */ = {
			isa = PBXTargetDependency;
			target = 3317ABFC250B15B30011A2BE /* Speedy */;
			targetProxy = 3317AC27250B15B40011A2BE /* PBXContainerItemProxy */;
		};
/* End PBXTargetDependency section */

/* Begin PBXVariantGroup section */
		3317AC09250B15B30011A2BE /* Main.storyboard */ = {
			isa = PBXVariantGroup;
			children = (
				3317AC0A250B15B30011A2BE /* Base */,
			);
			name = Main.storyboard;
			sourceTree = "<group>";
		};
		3317AC11250B15B40011A2BE /* LaunchScreen.storyboard */ = {
			isa = PBXVariantGroup;
			children = (
				3317AC12250B15B40011A2BE /* Base */,
			);
			name = LaunchScreen.storyboard;
			sourceTree = "<group>";
		};
/* End PBXVariantGroup section */

/* Begin XCBuildConfiguration section */
		3317AC2D250B15B40011A2BE /* Debug */ = {
			isa = XCBuildConfiguration;
			buildSettings = {
				ALWAYS_SEARCH_USER_PATHS = NO;
				CLANG_ANALYZER_NONNULL = YES;
				CLANG_ANALYZER_NUMBER_OBJECT_CONVERSION = YES_AGGRESSIVE;
				CLANG_CXX_LANGUAGE_STANDARD = "gnu++14";
				CLANG_CXX_LIBRARY = "libc++";
				CLANG_ENABLE_MODULES = YES;
				CLANG_ENABLE_OBJC_ARC = YES;
				CLANG_ENABLE_OBJC_WEAK = YES;
				CLANG_WARN_BLOCK_CAPTURE_AUTORELEASING = YES;
				CLANG_WARN_BOOL_CONVERSION = YES;
				CLANG_WARN_COMMA = YES;
				CLANG_WARN_CONSTANT_CONVERSION = YES;
				CLANG_WARN_DEPRECATED_OBJC_IMPLEMENTATIONS = YES;
				CLANG_WARN_DIRECT_OBJC_ISA_USAGE = YES_ERROR;
				CLANG_WARN_DOCUMENTATION_COMMENTS = YES;
				CLANG_WARN_EMPTY_BODY = YES;
				CLANG_WARN_ENUM_CONVERSION = YES;
				CLANG_WARN_INFINITE_RECURSION = YES;
				CLANG_WARN_INT_CONVERSION = YES;
				CLANG_WARN_NON_LITERAL_NULL_CONVERSION = YES;
				CLANG_WARN_OBJC_IMPLICIT_RETAIN_SELF = YES;
				CLANG_WARN_OBJC_LITERAL_CONVERSION = YES;
				CLANG_WARN_OBJC_ROOT_CLASS = YES_ERROR;
				CLANG_WARN_RANGE_LOOP_ANALYSIS = YES;
				CLANG_WARN_STRICT_PROTOTYPES = YES;
				CLANG_WARN_SUSPICIOUS_MOVE = YES;
				CLANG_WARN_UNGUARDED_AVAILABILITY = YES_AGGRESSIVE;
				CLANG_WARN_UNREACHABLE_CODE = YES;
				CLANG_WARN__DUPLICATE_METHOD_MATCH = YES;
				COPY_PHASE_STRIP = NO;
				DEBUG_INFORMATION_FORMAT = dwarf;
				ENABLE_STRICT_OBJC_MSGSEND = YES;
				ENABLE_TESTABILITY = YES;
				GCC_C_LANGUAGE_STANDARD = gnu11;
				GCC_DYNAMIC_NO_PIC = NO;
				GCC_NO_COMMON_BLOCKS = YES;
				GCC_OPTIMIZATION_LEVEL = 0;
				GCC_PREPROCESSOR_DEFINITIONS = (
					"DEBUG=1",
					"$(inherited)",
				);
				GCC_WARN_64_TO_32_BIT_CONVERSION = YES;
				GCC_WARN_ABOUT_RETURN_TYPE = YES_ERROR;
				GCC_WARN_UNDECLARED_SELECTOR = YES;
				GCC_WARN_UNINITIALIZED_AUTOS = YES_AGGRESSIVE;
				GCC_WARN_UNUSED_FUNCTION = YES;
				GCC_WARN_UNUSED_VARIABLE = YES;
				IPHONEOS_DEPLOYMENT_TARGET = 13.6;
				MTL_ENABLE_DEBUG_INFO = INCLUDE_SOURCE;
				MTL_FAST_MATH = YES;
				ONLY_ACTIVE_ARCH = YES;
				SDKROOT = iphoneos;
			};
			name = Debug;
		};
		3317AC2E250B15B40011A2BE /* Release */ = {
			isa = XCBuildConfiguration;
			buildSettings = {
				ALWAYS_SEARCH_USER_PATHS = NO;
				CLANG_ANALYZER_NONNULL = YES;
				CLANG_ANALYZER_NUMBER_OBJECT_CONVERSION = YES_AGGRESSIVE;
				CLANG_CXX_LANGUAGE_STANDARD = "gnu++14";
				CLANG_CXX_LIBRARY = "libc++";
				CLANG_ENABLE_MODULES = YES;
				CLANG_ENABLE_OBJC_ARC = YES;
				CLANG_ENABLE_OBJC_WEAK = YES;
				CLANG_WARN_BLOCK_CAPTURE_AUTORELEASING = YES;
				CLANG_WARN_BOOL_CONVERSION = YES;
				CLANG_WARN_COMMA = YES;
				CLANG_WARN_CONSTANT_CONVERSION = YES;
				CLANG_WARN_DEPRECATED_OBJC_IMPLEMENTATIONS = YES;
				CLANG_WARN_DIRECT_OBJC_ISA_USAGE = YES_ERROR;
				CLANG_WARN_DOCUMENTATION_COMMENTS = YES;
				CLANG_WARN_EMPTY_BODY = YES;
				CLANG_WARN_ENUM_CONVERSION = YES;
				CLANG_WARN_INFINITE_RECURSION = YES;
				CLANG_WARN_INT_CONVERSION = YES;
				CLANG_WARN_NON_LITERAL_NULL_CONVERSION = YES;
				CLANG_WARN_OBJC_IMPLICIT_RETAIN_SELF = YES;
				CLANG_WARN_OBJC_LITERAL_CONVERSION = YES;
				CLANG_WARN_OBJC_ROOT_CLASS = YES_ERROR;
				CLANG_WARN_RANGE_LOOP_ANALYSIS = YES;
				CLANG_WARN_STRICT_PROTOTYPES = YES;
				CLANG_WARN_SUSPICIOUS_MOVE = YES;
				CLANG_WARN_UNGUARDED_AVAILABILITY = YES_AGGRESSIVE;
				CLANG_WARN_UNREACHABLE_CODE = YES;
				CLANG_WARN__DUPLICATE_METHOD_MATCH = YES;
				COPY_PHASE_STRIP = NO;
				DEBUG_INFORMATION_FORMAT = "dwarf-with-dsym";
				ENABLE_NS_ASSERTIONS = NO;
				ENABLE_STRICT_OBJC_MSGSEND = YES;
				GCC_C_LANGUAGE_STANDARD = gnu11;
				GCC_NO_COMMON_BLOCKS = YES;
				GCC_WARN_64_TO_32_BIT_CONVERSION = YES;
				GCC_WARN_ABOUT_RETURN_TYPE = YES_ERROR;
				GCC_WARN_UNDECLARED_SELECTOR = YES;
				GCC_WARN_UNINITIALIZED_AUTOS = YES_AGGRESSIVE;
				GCC_WARN_UNUSED_FUNCTION = YES;
				GCC_WARN_UNUSED_VARIABLE = YES;
				IPHONEOS_DEPLOYMENT_TARGET = 13.6;
				MTL_ENABLE_DEBUG_INFO = NO;
				MTL_FAST_MATH = YES;
				SDKROOT = iphoneos;
				VALIDATE_PRODUCT = YES;
			};
			name = Release;
		};
		3317AC30250B15B40011A2BE /* Debug */ = {
			isa = XCBuildConfiguration;
			baseConfigurationReference = 4B2A1A870FDE80808CF1BA2E /* Pods-Speedy.debug.xcconfig */;
			buildSettings = {
				ASSETCATALOG_COMPILER_APPICON_NAME = AppIcon;
				CLANG_ENABLE_MODULES = YES;
				CODE_SIGN_STYLE = Automatic;
				DEFINES_MODULE = YES;
				DEVELOPMENT_TEAM = 4SGG976672;
				INFOPLIST_FILE = Speedy/Info.plist;
				LD_RUNPATH_SEARCH_PATHS = (
					"$(inherited)",
					"@executable_path/Frameworks",
				);
				PRODUCT_BUNDLE_IDENTIFIER = com.baocheng.Speedy;
				PRODUCT_NAME = "$(TARGET_NAME)";
				SWIFT_OBJC_BRIDGING_HEADER = "Speedy/Speedy-Bridging-Header.h";
				SWIFT_OPTIMIZATION_LEVEL = "-Onone";
				SWIFT_VERSION = 5.0;
				TARGETED_DEVICE_FAMILY = "1,2";
			};
			name = Debug;
		};
		3317AC31250B15B40011A2BE /* Release */ = {
			isa = XCBuildConfiguration;
			baseConfigurationReference = BBC3D6075568AB77430ABC5E /* Pods-Speedy.release.xcconfig */;
			buildSettings = {
				ASSETCATALOG_COMPILER_APPICON_NAME = AppIcon;
				CLANG_ENABLE_MODULES = YES;
				CODE_SIGN_STYLE = Automatic;
				DEFINES_MODULE = YES;
				DEVELOPMENT_TEAM = 4SGG976672;
				INFOPLIST_FILE = Speedy/Info.plist;
				LD_RUNPATH_SEARCH_PATHS = (
					"$(inherited)",
					"@executable_path/Frameworks",
				);
				PRODUCT_BUNDLE_IDENTIFIER = com.baocheng.Speedy;
				PRODUCT_NAME = "$(TARGET_NAME)";
				SWIFT_OBJC_BRIDGING_HEADER = "Speedy/Speedy-Bridging-Header.h";
				SWIFT_VERSION = 5.0;
				TARGETED_DEVICE_FAMILY = "1,2";
			};
			name = Release;
		};
		3317AC33250B15B40011A2BE /* Debug */ = {
			isa = XCBuildConfiguration;
			buildSettings = {
				ALWAYS_EMBED_SWIFT_STANDARD_LIBRARIES = YES;
				BUNDLE_LOADER = "$(TEST_HOST)";
				CODE_SIGN_STYLE = Automatic;
				DEVELOPMENT_TEAM = 4SGG976672;
				INFOPLIST_FILE = SpeedyTests/Info.plist;
				IPHONEOS_DEPLOYMENT_TARGET = 13.6;
				LD_RUNPATH_SEARCH_PATHS = (
					"$(inherited)",
					"@executable_path/Frameworks",
					"@loader_path/Frameworks",
				);
				PRODUCT_BUNDLE_IDENTIFIER = com.baocheng.SpeedyTests;
				PRODUCT_NAME = "$(TARGET_NAME)";
				TARGETED_DEVICE_FAMILY = "1,2";
				TEST_HOST = "$(BUILT_PRODUCTS_DIR)/Speedy.app/Speedy";
			};
			name = Debug;
		};
		3317AC34250B15B40011A2BE /* Release */ = {
			isa = XCBuildConfiguration;
			buildSettings = {
				ALWAYS_EMBED_SWIFT_STANDARD_LIBRARIES = YES;
				BUNDLE_LOADER = "$(TEST_HOST)";
				CODE_SIGN_STYLE = Automatic;
				DEVELOPMENT_TEAM = 4SGG976672;
				INFOPLIST_FILE = SpeedyTests/Info.plist;
				IPHONEOS_DEPLOYMENT_TARGET = 13.6;
				LD_RUNPATH_SEARCH_PATHS = (
					"$(inherited)",
					"@executable_path/Frameworks",
					"@loader_path/Frameworks",
				);
				PRODUCT_BUNDLE_IDENTIFIER = com.baocheng.SpeedyTests;
				PRODUCT_NAME = "$(TARGET_NAME)";
				TARGETED_DEVICE_FAMILY = "1,2";
				TEST_HOST = "$(BUILT_PRODUCTS_DIR)/Speedy.app/Speedy";
			};
			name = Release;
		};
		3317AC36250B15B40011A2BE /* Debug */ = {
			isa = XCBuildConfiguration;
			buildSettings = {
				ALWAYS_EMBED_SWIFT_STANDARD_LIBRARIES = YES;
				CODE_SIGN_STYLE = Automatic;
				DEVELOPMENT_TEAM = 4SGG976672;
				INFOPLIST_FILE = SpeedyUITests/Info.plist;
				LD_RUNPATH_SEARCH_PATHS = (
					"$(inherited)",
					"@executable_path/Frameworks",
					"@loader_path/Frameworks",
				);
				PRODUCT_BUNDLE_IDENTIFIER = com.baocheng.SpeedyUITests;
				PRODUCT_NAME = "$(TARGET_NAME)";
				TARGETED_DEVICE_FAMILY = "1,2";
				TEST_TARGET_NAME = Speedy;
			};
			name = Debug;
		};
		3317AC37250B15B40011A2BE /* Release */ = {
			isa = XCBuildConfiguration;
			buildSettings = {
				ALWAYS_EMBED_SWIFT_STANDARD_LIBRARIES = YES;
				CODE_SIGN_STYLE = Automatic;
				DEVELOPMENT_TEAM = 4SGG976672;
				INFOPLIST_FILE = SpeedyUITests/Info.plist;
				LD_RUNPATH_SEARCH_PATHS = (
					"$(inherited)",
					"@executable_path/Frameworks",
					"@loader_path/Frameworks",
				);
				PRODUCT_BUNDLE_IDENTIFIER = com.baocheng.SpeedyUITests;
				PRODUCT_NAME = "$(TARGET_NAME)";
				TARGETED_DEVICE_FAMILY = "1,2";
				TEST_TARGET_NAME = Speedy;
			};
			name = Release;
		};
/* End XCBuildConfiguration section */

/* Begin XCConfigurationList section */
		3317ABF8250B15B30011A2BE /* Build configuration list for PBXProject "Speedy" */ = {
			isa = XCConfigurationList;
			buildConfigurations = (
				3317AC2D250B15B40011A2BE /* Debug */,
				3317AC2E250B15B40011A2BE /* Release */,
			);
			defaultConfigurationIsVisible = 0;
			defaultConfigurationName = Release;
		};
		3317AC2F250B15B40011A2BE /* Build configuration list for PBXNativeTarget "Speedy" */ = {
			isa = XCConfigurationList;
			buildConfigurations = (
				3317AC30250B15B40011A2BE /* Debug */,
				3317AC31250B15B40011A2BE /* Release */,
			);
			defaultConfigurationIsVisible = 0;
			defaultConfigurationName = Release;
		};
		3317AC32250B15B40011A2BE /* Build configuration list for PBXNativeTarget "SpeedyTests" */ = {
			isa = XCConfigurationList;
			buildConfigurations = (
				3317AC33250B15B40011A2BE /* Debug */,
				3317AC34250B15B40011A2BE /* Release */,
			);
			defaultConfigurationIsVisible = 0;
			defaultConfigurationName = Release;
		};
		3317AC35250B15B40011A2BE /* Build configuration list for PBXNativeTarget "SpeedyUITests" */ = {
			isa = XCConfigurationList;
			buildConfigurations = (
				3317AC36250B15B40011A2BE /* Debug */,
				3317AC37250B15B40011A2BE /* Release */,
			);
			defaultConfigurationIsVisible = 0;
			defaultConfigurationName = Release;
		};
/* End XCConfigurationList section */

/* Begin XCVersionGroup section */
		3317AC0C250B15B30011A2BE /* Speedy.xcdatamodeld */ = {
			isa = XCVersionGroup;
			children = (
				3317AC0D250B15B30011A2BE /* Speedy.xcdatamodel */,
			);
			currentVersion = 3317AC0D250B15B30011A2BE /* Speedy.xcdatamodel */;
			path = Speedy.xcdatamodeld;
			sourceTree = "<group>";
			versionGroupType = wrapper.xcdatamodel;
		};
/* End XCVersionGroup section */
	};
	rootObject = 3317ABF5250B15B30011A2BE /* Project object */;
}
